
Microsoft Visual Studio Solution File, Format Version 12.00
# Visual Studio Version 16
VisualStudioVersion = 16.0.31729.503
MinimumVisualStudioVersion = 10.0.40219.1
Project("{FAE04EC0-301F-11D3-BF4B-00C04F79EFBC}") = "TestApiCall", "TestApiCall.csproj", "{1AB55B22-59B8-42C0-A3C4-2A583FFBC12B}"
EndProject
Global
	GlobalSection(SolutionConfigurationPlatforms) = preSolution
		Debug|Any CPU = Debug|Any CPU
		Release|Any CPU = Release|Any CPU
	EndGlobalSection
	GlobalSection(ProjectConfigurationPlatforms) = postSolution
		{1AB55B22-59B8-42C0-A3C4-2A583FFBC12B}.Debug|Any CPU.ActiveCfg = Debug|Any CPU
		{1AB55B22-59B8-42C0-A3C4-2A583FFBC12B}.Debug|Any CPU.Build.0 = Debug|Any CPU
		{1AB55B22-59B8-42C0-A3C4-2A583FFBC12B}.Release|Any CPU.ActiveCfg = Release|Any CPU
		{1AB55B22-59B8-42C0-A3C4-2A583FFBC12B}.Release|Any CPU.Build.0 = Release|Any CPU
	EndGlobalSection
	GlobalSection(SolutionProperties) = preSolution
		HideSolutionNode = FALSE
	EndGlobalSection
	GlobalSection(ExtensibilityGlobals) = postSolution
		SolutionGuid = {187AB985-B518-4BBF-B378-4791F5A90AD6}
	EndGlobalSection
EndGlobal
